
Microsoft Visual Studio Solution File, Format Version 12.00
# Visual Studio Version 16
VisualStudioVersion = 16.0.30204.135
MinimumVisualStudioVersion = 10.0.40219.1
Project("{9A19103F-16F7-4668-BE54-9A1E7A4F7556}") = "MiniORM", "MiniORM.csproj", "{1AFB3CE2-F51C-46FA-8E59-30E7D2F866CD}"
EndProject
Global
	GlobalSection(SolutionConfigurationPlatforms) = preSolution
		Debug|Any CPU = Debug|Any CPU
		Release|Any CPU = Release|Any CPU
	EndGlobalSection
	GlobalSection(ProjectConfigurationPlatforms) = postSolution
		{1AFB3CE2-F51C-46FA-8E59-30E7D2F866CD}.Debug|Any CPU.ActiveCfg = Debug|Any CPU
		{1AFB3CE2-F51C-46FA-8E59-30E7D2F866CD}.Debug|Any CPU.Build.0 = Debug|Any CPU
		{1AFB3CE2-F51C-46FA-8E59-30E7D2F866CD}.Release|Any CPU.ActiveCfg = Release|Any CPU
		{1AFB3CE2-F51C-46FA-8E59-30E7D2F866CD}.Release|Any CPU.Build.0 = Release|Any CPU
	EndGlobalSection
	GlobalSection(SolutionProperties) = preSolution
		HideSolutionNode = FALSE
	EndGlobalSection
	GlobalSection(ExtensibilityGlobals) = postSolution
		SolutionGuid = {2848EE39-949F-44C7-AC2B-D5F9DD8DD159}
	EndGlobalSection
EndGlobal
